# THIS IS AN AUTOGENERATED FILE. DO NOT EDIT THIS FILE DIRECTLY.
# yarn lockfile v1


"@types/aws-lambda@8.10.24":
  version "8.10.24"
  resolved "https://registry.yarnpkg.com/@types/aws-lambda/-/aws-lambda-8.10.24.tgz#89a20cd91957322e26dbfea7f651b970460c8c0c"
  integrity sha512-9F70bcb2oBGZUZCyisE1Ap3vwgt04uiSmr4s9mhQf89vBrttgraBs2Rc8l9YrKiemCndCH7wxnYNWk5qEuv6rA==
